
Microsoft Visual Studio Solution File, Format Version 11.00
# Visual Basic Express 2010
Project("{F184B08F-C81C-45F6-A57F-5ABD9991F28F}") = "VBwork38-1", "VBwork38-1\VBwork38-1.vbproj", "{01B8B0F2-4F83-4DFA-BE37-EA535083D105}"
EndProject
Global
	GlobalSection(SolutionConfigurationPlatforms) = preSolution
		Debug|x86 = Debug|x86
		Release|x86 = Release|x86
	EndGlobalSection
	GlobalSection(ProjectConfigurationPlatforms) = postSolution
		{01B8B0F2-4F83-4DFA-BE37-EA535083D105}.Debug|x86.ActiveCfg = Debug|x86
		{01B8B0F2-4F83-4DFA-BE37-EA535083D105}.Debug|x86.Build.0 = Debug|x86
		{01B8B0F2-4F83-4DFA-BE37-EA535083D105}.Release|x86.ActiveCfg = Release|x86
		{01B8B0F2-4F83-4DFA-BE37-EA535083D105}.Release|x86.Build.0 = Release|x86
	EndGlobalSection
	GlobalSection(SolutionProperties) = preSolution
		HideSolutionNode = FALSE
	EndGlobalSection
EndGlobal
